{
    "name": "tutorial-rest",
    "version": "1.0.0",
    "lockfileVersion": 2,
    "requires": true,
    "packages": {
        "": {
            "name": "tutorial-rest",
            "version": "1.0.0",
            "license": "Apache-2.0",
            "dependencies": {
                "stream-json": "^1.8.0",
                "uuid": "^13.0.0"
            }
        },
        "node_modules/stream-chain": {
            "version": "2.2.5",
            "resolved": "https://registry.npmjs.org/stream-chain/-/stream-chain-2.2.5.tgz",
            "integrity": "sha512-1TJmBx6aSWqZ4tx7aTpBDXK0/e2hhcNSTV8+CbFJtDjbb+I1mZ8lHit0Grw9GRT+6JbIrrDd8esncgBi8aBXGA=="
        },
        "node_modules/stream-json": {
            "version": "1.8.0",
            "resolved": "https://registry.npmjs.org/stream-json/-/stream-json-1.8.0.tgz",
            "integrity": "sha512-HZfXngYHUAr1exT4fxlbc1IOce1RYxp2ldeaf97LYCOPSoOqY/1Psp7iGvpb+6JIOgkra9zDYnPX01hGAHzEPw==",
            "dependencies": {
                "stream-chain": "^2.2.5"
            }
        },
        "node_modules/uuid": {
            "version": "13.0.0",
            "resolved": "https://registry.npmjs.org/uuid/-/uuid-13.0.0.tgz",
            "integrity": "sha512-XQegIaBTVUjSHliKqcnFqYypAd4S+WCYt5NIeRs6w/UAry7z8Y9j5ZwRRL4kzq9U3sD6v+85er9FvkEaBpji2w==",
            "funding": [
                "https://github.com/sponsors/broofa",
                "https://github.com/sponsors/ctavan"
            ],
            "license": "MIT",
            "bin": {
                "uuid": "dist-node/bin/uuid"
            }
        }
    },
    "dependencies": {
        "stream-chain": {
            "version": "2.2.5",
            "resolved": "https://registry.npmjs.org/stream-chain/-/stream-chain-2.2.5.tgz",
            "integrity": "sha512-1TJmBx6aSWqZ4tx7aTpBDXK0/e2hhcNSTV8+CbFJtDjbb+I1mZ8lHit0Grw9GRT+6JbIrrDd8esncgBi8aBXGA=="
        },
        "stream-json": {
            "version": "1.8.0",
            "resolved": "https://registry.npmjs.org/stream-json/-/stream-json-1.8.0.tgz",
            "integrity": "sha512-HZfXngYHUAr1exT4fxlbc1IOce1RYxp2ldeaf97LYCOPSoOqY/1Psp7iGvpb+6JIOgkra9zDYnPX01hGAHzEPw==",
            "requires": {
                "stream-chain": "^2.2.5"
            }
        },
        "uuid": {
            "version": "13.0.0",
            "resolved": "https://registry.npmjs.org/uuid/-/uuid-13.0.0.tgz",
            "integrity": "sha512-XQegIaBTVUjSHliKqcnFqYypAd4S+WCYt5NIeRs6w/UAry7z8Y9j5ZwRRL4kzq9U3sD6v+85er9FvkEaBpji2w=="
        }
    }
}
